
Microsoft Visual Studio Solution File, Format Version 12.00
# Visual Studio Version 17
VisualStudioVersion = 17.7.34221.43
MinimumVisualStudioVersion = 10.0.40219.1
Project("{FAE04EC0-301F-11D3-BF4B-00C04F79EFBC}") = "BookShop", "BookShop\BookShop.csproj", "{01B2C920-A18F-4221-B59B-3BA7F617D6D0}"
EndProject
Global
	GlobalSection(SolutionConfigurationPlatforms) = preSolution
		Debug|Any CPU = Debug|Any CPU
		Release|Any CPU = Release|Any CPU
	EndGlobalSection
	GlobalSection(ProjectConfigurationPlatforms) = postSolution
		{01B2C920-A18F-4221-B59B-3BA7F617D6D0}.Debug|Any CPU.ActiveCfg = Debug|Any CPU
		{01B2C920-A18F-4221-B59B-3BA7F617D6D0}.Debug|Any CPU.Build.0 = Debug|Any CPU
		{01B2C920-A18F-4221-B59B-3BA7F617D6D0}.Release|Any CPU.ActiveCfg = Release|Any CPU
		{01B2C920-A18F-4221-B59B-3BA7F617D6D0}.Release|Any CPU.Build.0 = Release|Any CPU
	EndGlobalSection
	GlobalSection(SolutionProperties) = preSolution
		HideSolutionNode = FALSE
	EndGlobalSection
	GlobalSection(ExtensibilityGlobals) = postSolution
		SolutionGuid = {835E2F55-CBE0-4EA9-AF18-BC2F4A03114D}
	EndGlobalSection
EndGlobal
